<?xml version="1.0" encoding="utf-8"?>
<Project ToolsVersion="4.0" xmlns="http://schemas.microsoft.com/developer/msbuild/2003">
  <ItemGroup>
    <Filter Include="Исходные файлы">
      <UniqueIdentifier>{4FC737F1-C7A5-4376-A066-2A32D752A2FF}</UniqueIdentifier>
      <Extensions>cpp;c;cc;cxx;def;odl;idl;hpj;bat;asm;asmx</Extensions>
    </Filter>
    <Filter Include="Файлы заголовков">
      <UniqueIdentifier>{93995380-89BD-4b04-88EB-625FBE52EBFB}</UniqueIdentifier>
      <Extensions>h;hh;hpp;hxx;hm;inl;inc;ipp;xsd</Extensions>
    </Filter>
    <Filter Include="Файлы ресурсов">
      <UniqueIdentifier>{67DA6AB6-F800-4c08-8B7A-83BB121AAD01}</UniqueIdentifier>
      <Extensions>rc;ico;cur;bmp;dlg;rc2;rct;bin;rgs;gif;jpg;jpeg;jpe;resx;tiff;tif;png;wav;mfcribbon-ms</Extensions>
    </Filter>
    <Filter Include="Созданные файлы">
      <UniqueIdentifier>{5cca87c2-e688-4be2-84cc-58893dea1559}</UniqueIdentifier>
      <SourceControlFiles>False</SourceControlFiles>
    </Filter>
    <Filter Include="Исходные файлы\Expotrs">
      <UniqueIdentifier>{47a0462c-ef32-4720-95d4-54dcec628062}</UniqueIdentifier>
    </Filter>
    <Filter Include="Исходные файлы\ComExport">
      <UniqueIdentifier>{4241afe6-784c-49af-b08f-05b04dccc018}</UniqueIdentifier>
    </Filter>
    <Filter Include="Исходные файлы\StdFiles">
      <UniqueIdentifier>{9589b52f-cc5d-4fe7-80af-888043621e8c}</UniqueIdentifier>
    </Filter>
  </ItemGroup>
  <ItemGroup>
    <ClInclude Include="framework.h">
      <Filter>Файлы заголовков</Filter>
    </ClInclude>
    <ClInclude Include="targetver.h">
      <Filter>Файлы заголовков</Filter>
    </ClInclude>
    <ClInclude Include="Resource.h">
      <Filter>Файлы заголовков</Filter>
    </ClInclude>
    <ClInclude Include="dllmain.h">
      <Filter>Файлы заголовков</Filter>
    </ClInclude>
    <ClInclude Include="xdlldata.h">
      <Filter>Файлы заголовков</Filter>
    </ClInclude>
    <ClInclude Include="ATLVBA_i.h">
      <Filter>Созданные файлы</Filter>
    </ClInclude>
    <ClInclude Include="Initialization.h">
      <Filter>Файлы заголовков</Filter>
    </ClInclude>
    <ClInclude Include="constants.h">
      <Filter>Файлы заголовков</Filter>
    </ClInclude>
    <ClInclude Include="StrHelp.h">
      <Filter>Исходные файлы\Expotrs</Filter>
    </ClInclude>
  </ItemGroup>
  <ItemGroup>
    <ClCompile Include="ATLVBA_i.c">
      <Filter>Созданные файлы</Filter>
    </ClCompile>
    <ClCompile Include="CallHelp.c">
      <Filter>Исходные файлы\Expotrs</Filter>
    </ClCompile>
    <ClCompile Include="Functions.cpp">
      <Filter>Исходные файлы\Expotrs</Filter>
    </ClCompile>
    <ClCompile Include="StrHelp.c">
      <Filter>Исходные файлы\Expotrs</Filter>
    </ClCompile>
    <ClCompile Include="ATLVBA.cpp">
      <Filter>Исходные файлы\StdFiles</Filter>
    </ClCompile>
    <ClCompile Include="dllmain.cpp">
      <Filter>Исходные файлы\StdFiles</Filter>
    </ClCompile>
    <ClCompile Include="xdlldata.c">
      <Filter>Исходные файлы\StdFiles</Filter>
    </ClCompile>
    <ClCompile Include="MemHelp.c">
      <Filter>Исходные файлы\Expotrs</Filter>
    </ClCompile>
    <ClCompile Include="ArrHelp.c">
      <Filter>Исходные файлы\Expotrs</Filter>
    </ClCompile>
    <ClCompile Include="Test.cpp">
      <Filter>Исходные файлы\Expotrs</Filter>
    </ClCompile>
    <ClCompile Include="ZipHelp.cpp">
      <Filter>Исходные файлы\Expotrs</Filter>
    </ClCompile>
  </ItemGroup>
  <ItemGroup>
    <ResourceCompile Include="ATLVBA.rc">
      <Filter>Файлы ресурсов</Filter>
    </ResourceCompile>
  </ItemGroup>
  <ItemGroup>
    <None Include="ATLVBA.rgs">
      <Filter>Файлы ресурсов</Filter>
    </None>
    <None Include="ATLVBA.def">
      <Filter>Исходные файлы\ComExport</Filter>
    </None>
  </ItemGroup>
  <ItemGroup>
    <Midl Include="ATLVBA.idl">
      <Filter>Исходные файлы\ComExport</Filter>
    </Midl>
  </ItemGroup>
</Project>